{
  "version": 4,
  "terraform_version": "0.12.12",
  "serial": 7,
  "lineage": "59af6c79-9144-f9f0-7e1e-2d7b655bd8bf",
  "outputs": {},
  "resources": [
    {
      "mode": "managed",
      "type": "azurerm_key_vault",
      "name": "example",
      "provider": "provider.azurerm",
      "instances": [
        {
          "schema_version": 1,
          "attributes": {
            "access_policy": [
              {
                "application_id": "",
                "certificate_permissions": [],
                "key_permissions": [
                  "get"
                ],
                "object_id": "be66ed76-1d61-43d4-873e-322a29ada4db",
                "secret_permissions": [
                  "get"
                ],
                "storage_permissions": [
                  "get"
                ],
                "tenant_id": "1dbf4329-befc-4477-8668-8ec245c081bd"
              }
            ],
            "enabled_for_deployment": false,
            "enabled_for_disk_encryption": true,
            "enabled_for_template_deployment": false,
            "id": "/subscriptions/a0dcddb9-cf21-4f85-b8d7-d3bdf0cb0426/resourceGroups/abdedv-pvtest-kv-rg/providers/Microsoft.KeyVault/vaults/abdedv-pvtest-kv",
            "location": "westeurope",
            "name": "abdedv-pvtest-kv",
            "network_acls": [],
            "resource_group_name": "abdedv-pvtest-kv-rg",
            "sku": [
              {
                "name": "standard"
              }
            ],
            "sku_name": "standard",
            "tags": {
              "note": "Delete anytime",
              "subscription": "xxx"
            },
            "tenant_id": "1dbf4329-befc-4477-8668-8ec245c081bd",
            "vault_uri": "https://abdedv-pvtest-kv.vault.azure.net/"
          },
          "private": "eyJzY2hlbWFfdmVyc2lvbiI6IjEifQ=="
        }
      ]
    },
    {
      "mode": "managed",
      "type": "azurerm_resource_group",
      "name": "resource_group",
      "provider": "provider.azurerm",
      "instances": [
        {
          "schema_version": 0,
          "attributes": {
            "id": "/subscriptions/a0dcddb9-cf21-4f85-b8d7-d3bdf0cb0426/resourceGroups/abdedv-pvtest-kv-rg",
            "location": "westeurope",
            "name": "abdedv-pvtest-kv-rg",
            "tags": {
              "note": "Delete anytime",
              "subscription": "xxx"
            }
          },
          "private": "bnVsbA=="
        }
      ]
    }
  ]
}
